# THIS IS AN AUTOGENERATED FILE. DO NOT EDIT THIS FILE DIRECTLY.
# yarn lockfile v1


flag-icons@^6.11.2:
  version "6.11.2"
  resolved "https://registry.yarnpkg.com/flag-icons/-/flag-icons-6.11.2.tgz#a0e6fa03e6d7a8466c58c5af792bdecb454e2497"
  integrity sha512-xEVPdyDkL28GG0H+x7OP89uFXDgCduNX5DEJ9ZJuxpg3dnDCioBoHfhl4kjC4ixnOnVh7ajL/PNFg7my8qBxtQ==
